// !$*UTF8*$!
{
	archiveVersion = 1;
	classes = {
	};
	objectVersion = 51;
	objects = {

/* Begin PBXBuildFile section */
		021F6A5E243F76C2003DEFF7 /* AppDelegate.swift in Sources */ = {isa = PBXBuildFile; fileRef = 021F6A5D243F76C2003DEFF7 /* AppDelegate.swift */; };
		021F6A67243F76C3003DEFF7 /* Assets.xcassets in Resources */ = {isa = PBXBuildFile; fileRef = 021F6A66243F76C3003DEFF7 /* Assets.xcassets */; };
		021F6A6A243F76C3003DEFF7 /* LaunchScreen.storyboard in Resources */ = {isa = PBXBuildFile; fileRef = 021F6A68243F76C3003DEFF7 /* LaunchScreen.storyboard */; };
		021F6A77243F979C003DEFF7 /* Utilities.swift in Sources */ = {isa = PBXBuildFile; fileRef = 021F6A76243F979C003DEFF7 /* Utilities.swift */; };
		021F6A79243F97AD003DEFF7 /* Constants.swift in Sources */ = {isa = PBXBuildFile; fileRef = 021F6A78243F97AD003DEFF7 /* Constants.swift */; };
		022517DC2499FA5A00E38833 /* TabBarViewController.swift in Sources */ = {isa = PBXBuildFile; fileRef = 022517DB2499FA5A00E38833 /* TabBarViewController.swift */; };
		022517DF249A045A00E38833 /* SearchViewController.swift in Sources */ = {isa = PBXBuildFile; fileRef = 022517DD249A045A00E38833 /* SearchViewController.swift */; };
		022517E0249A045A00E38833 /* SearchViewController.xib in Resources */ = {isa = PBXBuildFile; fileRef = 022517DE249A045A00E38833 /* SearchViewController.xib */; };
		022517E3249A046D00E38833 /* SettingsViewController.swift in Sources */ = {isa = PBXBuildFile; fileRef = 022517E1249A046D00E38833 /* SettingsViewController.swift */; };
		022517E4249A046D00E38833 /* SettingsViewController.xib in Resources */ = {isa = PBXBuildFile; fileRef = 022517E2249A046D00E38833 /* SettingsViewController.xib */; };
		022517F0249A155000E38833 /* LeaderboardViewModel.swift in Sources */ = {isa = PBXBuildFile; fileRef = 022517EF249A155000E38833 /* LeaderboardViewModel.swift */; };
		022517F2249A159200E38833 /* ScoreModel.swift in Sources */ = {isa = PBXBuildFile; fileRef = 022517F1249A159200E38833 /* ScoreModel.swift */; };
		022517F5249A21D100E38833 /* LeaderboardViewController.swift in Sources */ = {isa = PBXBuildFile; fileRef = 022517F3249A21D100E38833 /* LeaderboardViewController.swift */; };
		022517F6249A21D100E38833 /* LeaderboardViewController.xib in Resources */ = {isa = PBXBuildFile; fileRef = 022517F4249A21D100E38833 /* LeaderboardViewController.xib */; };
		022517F9249A85D000E38833 /* ScoreTableViewCell.swift in Sources */ = {isa = PBXBuildFile; fileRef = 022517F7249A85D000E38833 /* ScoreTableViewCell.swift */; };
		022517FA249A85D000E38833 /* ScoreTableViewCell.xib in Resources */ = {isa = PBXBuildFile; fileRef = 022517F8249A85D000E38833 /* ScoreTableViewCell.xib */; };
		022517FC249A868700E38833 /* ScoreCellModel.swift in Sources */ = {isa = PBXBuildFile; fileRef = 022517FB249A868700E38833 /* ScoreCellModel.swift */; };
		023115752467045700421E7E /* QuestionView.xib in Resources */ = {isa = PBXBuildFile; fileRef = 023115742467045700421E7E /* QuestionView.xib */; };
		0231157724670AFD00421E7E /* LoginService.swift in Sources */ = {isa = PBXBuildFile; fileRef = 0231157624670AFC00421E7E /* LoginService.swift */; };
		0231157924670B4700421E7E /* LoginViewController.xib in Resources */ = {isa = PBXBuildFile; fileRef = 0231157824670B4700421E7E /* LoginViewController.xib */; };
		0231157B24670B6A00421E7E /* LoginViewController.swift in Sources */ = {isa = PBXBuildFile; fileRef = 0231157A24670B6A00421E7E /* LoginViewController.swift */; };
		0240BF3C244070FC0097D60E /* InitialViewController.swift in Sources */ = {isa = PBXBuildFile; fileRef = 0240BF3A244070FC0097D60E /* InitialViewController.swift */; };
		0240BF3D244070FC0097D60E /* InitialViewController.xib in Resources */ = {isa = PBXBuildFile; fileRef = 0240BF3B244070FC0097D60E /* InitialViewController.xib */; };
		0240BF4224407E1F0097D60E /* QuestionView.swift in Sources */ = {isa = PBXBuildFile; fileRef = 0240BF4124407E1F0097D60E /* QuestionView.swift */; };
		0240BF4424407FD80097D60E /* Category.swift in Sources */ = {isa = PBXBuildFile; fileRef = 0240BF4324407FD80097D60E /* Category.swift */; };
		0240BF4E244084520097D60E /* QuizzesService.swift in Sources */ = {isa = PBXBuildFile; fileRef = 0240BF4D244084520097D60E /* QuizzesService.swift */; };
		0240BF50244084610097D60E /* QuizModel.swift in Sources */ = {isa = PBXBuildFile; fileRef = 0240BF4F244084610097D60E /* QuizModel.swift */; };
		0240BF52244085C70097D60E /* QuestionModel.swift in Sources */ = {isa = PBXBuildFile; fileRef = 0240BF51244085C70097D60E /* QuestionModel.swift */; };
		02424134249B64A4008EAD4F /* TableViewTemplateViewController.swift in Sources */ = {isa = PBXBuildFile; fileRef = 02424133249B64A4008EAD4F /* TableViewTemplateViewController.swift */; };
		02424137249BC3A0008EAD4F /* Model.xcdatamodeld in Sources */ = {isa = PBXBuildFile; fileRef = 02424135249BC3A0008EAD4F /* Model.xcdatamodeld */; };
		02424142249BCBA6008EAD4F /* DataController.swift in Sources */ = {isa = PBXBuildFile; fileRef = 02424141249BCBA6008EAD4F /* DataController.swift */; };
		026A5C3A248171F0007D37CE /* QuizTableViewController.swift in Sources */ = {isa = PBXBuildFile; fileRef = 026A5C38248171F0007D37CE /* QuizTableViewController.swift */; };
		026A5C3B248171F0007D37CE /* QuizTableViewController.xib in Resources */ = {isa = PBXBuildFile; fileRef = 026A5C39248171F0007D37CE /* QuizTableViewController.xib */; };
		026D377F2485510400C96DF6 /* QuizzesTableViewCell.swift in Sources */ = {isa = PBXBuildFile; fileRef = 026D377D2485510400C96DF6 /* QuizzesTableViewCell.swift */; };
		026D37802485510400C96DF6 /* QuizzesTableViewCell.xib in Resources */ = {isa = PBXBuildFile; fileRef = 026D377E2485510400C96DF6 /* QuizzesTableViewCell.xib */; };
		026D3782248566FC00C96DF6 /* QuizzFooterView.swift in Sources */ = {isa = PBXBuildFile; fileRef = 026D3781248566FC00C96DF6 /* QuizzFooterView.swift */; };
		026D37842485674700C96DF6 /* QuizzHeaderView.swift in Sources */ = {isa = PBXBuildFile; fileRef = 026D37832485674700C96DF6 /* QuizzHeaderView.swift */; };
		0274E676248631A6004CBD85 /* QuizzesViewModel.swift in Sources */ = {isa = PBXBuildFile; fileRef = 0274E675248631A6004CBD85 /* QuizzesViewModel.swift */; };
		0274E678248631BB004CBD85 /* SingleQuizViewModel.swift in Sources */ = {isa = PBXBuildFile; fileRef = 0274E677248631BB004CBD85 /* SingleQuizViewModel.swift */; };
		0274E67A24864C5A004CBD85 /* QuizCellModel.swift in Sources */ = {isa = PBXBuildFile; fileRef = 0274E67924864C5A004CBD85 /* QuizCellModel.swift */; };
		0274E67D24865525004CBD85 /* QuizViewController.swift in Sources */ = {isa = PBXBuildFile; fileRef = 0274E67B24865525004CBD85 /* QuizViewController.swift */; };
		0274E67E24865525004CBD85 /* QuizViewController.xib in Resources */ = {isa = PBXBuildFile; fileRef = 0274E67C24865525004CBD85 /* QuizViewController.xib */; };
		02C023DA2491785A00F3DC7E /* UserCredentials.swift in Sources */ = {isa = PBXBuildFile; fileRef = 02C023D92491785A00F3DC7E /* UserCredentials.swift */; };
		02D071B42467FA8A000077D8 /* LoginModel.swift in Sources */ = {isa = PBXBuildFile; fileRef = 02D071B32467FA8A000077D8 /* LoginModel.swift */; };
		FCCE9FAA62190C794791F645 /* Pods_QuizzApp.framework in Frameworks */ = {isa = PBXBuildFile; fileRef = B9E9BAD41775B02E2C30004C /* Pods_QuizzApp.framework */; };
/* End PBXBuildFile section */

/* Begin PBXFileReference section */
		021F6A5A243F76C2003DEFF7 /* QuizzApp.app */ = {isa = PBXFileReference; explicitFileType = wrapper.application; includeInIndex = 0; path = QuizzApp.app; sourceTree = BUILT_PRODUCTS_DIR; };
		021F6A5D243F76C2003DEFF7 /* AppDelegate.swift */ = {isa = PBXFileReference; lastKnownFileType = sourcecode.swift; path = AppDelegate.swift; sourceTree = "<group>"; };
		021F6A66243F76C3003DEFF7 /* Assets.xcassets */ = {isa = PBXFileReference; lastKnownFileType = folder.assetcatalog; path = Assets.xcassets; sourceTree = "<group>"; };
		021F6A69243F76C3003DEFF7 /* Base */ = {isa = PBXFileReference; lastKnownFileType = file.storyboard; name = Base; path = Base.lproj/LaunchScreen.storyboard; sourceTree = "<group>"; };
		021F6A6B243F76C3003DEFF7 /* Info.plist */ = {isa = PBXFileReference; lastKnownFileType = text.plist.xml; path = Info.plist; sourceTree = "<group>"; };
		021F6A76243F979C003DEFF7 /* Utilities.swift */ = {isa = PBXFileReference; lastKnownFileType = sourcecode.swift; path = Utilities.swift; sourceTree = "<group>"; };
		021F6A78243F97AD003DEFF7 /* Constants.swift */ = {isa = PBXFileReference; lastKnownFileType = sourcecode.swift; path = Constants.swift; sourceTree = "<group>"; };
		022517DB2499FA5A00E38833 /* TabBarViewController.swift */ = {isa = PBXFileReference; lastKnownFileType = sourcecode.swift; path = TabBarViewController.swift; sourceTree = "<group>"; };
		022517DD249A045A00E38833 /* SearchViewController.swift */ = {isa = PBXFileReference; lastKnownFileType = sourcecode.swift; path = SearchViewController.swift; sourceTree = "<group>"; };
		022517DE249A045A00E38833 /* SearchViewController.xib */ = {isa = PBXFileReference; lastKnownFileType = file.xib; path = SearchViewController.xib; sourceTree = "<group>"; };
		022517E1249A046D00E38833 /* SettingsViewController.swift */ = {isa = PBXFileReference; lastKnownFileType = sourcecode.swift; path = SettingsViewController.swift; sourceTree = "<group>"; };
		022517E2249A046D00E38833 /* SettingsViewController.xib */ = {isa = PBXFileReference; lastKnownFileType = file.xib; path = SettingsViewController.xib; sourceTree = "<group>"; };
		022517EF249A155000E38833 /* LeaderboardViewModel.swift */ = {isa = PBXFileReference; lastKnownFileType = sourcecode.swift; path = LeaderboardViewModel.swift; sourceTree = "<group>"; };
		022517F1249A159200E38833 /* ScoreModel.swift */ = {isa = PBXFileReference; lastKnownFileType = sourcecode.swift; path = ScoreModel.swift; sourceTree = "<group>"; };
		022517F3249A21D100E38833 /* LeaderboardViewController.swift */ = {isa = PBXFileReference; lastKnownFileType = sourcecode.swift; path = LeaderboardViewController.swift; sourceTree = "<group>"; };
		022517F4249A21D100E38833 /* LeaderboardViewController.xib */ = {isa = PBXFileReference; lastKnownFileType = file.xib; path = LeaderboardViewController.xib; sourceTree = "<group>"; };
		022517F7249A85D000E38833 /* ScoreTableViewCell.swift */ = {isa = PBXFileReference; lastKnownFileType = sourcecode.swift; path = ScoreTableViewCell.swift; sourceTree = "<group>"; };
		022517F8249A85D000E38833 /* ScoreTableViewCell.xib */ = {isa = PBXFileReference; lastKnownFileType = file.xib; path = ScoreTableViewCell.xib; sourceTree = "<group>"; };
		022517FB249A868700E38833 /* ScoreCellModel.swift */ = {isa = PBXFileReference; lastKnownFileType = sourcecode.swift; path = ScoreCellModel.swift; sourceTree = "<group>"; };
		023115742467045700421E7E /* QuestionView.xib */ = {isa = PBXFileReference; lastKnownFileType = file.xib; path = QuestionView.xib; sourceTree = "<group>"; };
		0231157624670AFC00421E7E /* LoginService.swift */ = {isa = PBXFileReference; lastKnownFileType = sourcecode.swift; path = LoginService.swift; sourceTree = "<group>"; };
		0231157824670B4700421E7E /* LoginViewController.xib */ = {isa = PBXFileReference; lastKnownFileType = file.xib; path = LoginViewController.xib; sourceTree = "<group>"; };
		0231157A24670B6A00421E7E /* LoginViewController.swift */ = {isa = PBXFileReference; lastKnownFileType = sourcecode.swift; path = LoginViewController.swift; sourceTree = "<group>"; };
		0240BF3A244070FC0097D60E /* InitialViewController.swift */ = {isa = PBXFileReference; lastKnownFileType = sourcecode.swift; path = InitialViewController.swift; sourceTree = "<group>"; };
		0240BF3B244070FC0097D60E /* InitialViewController.xib */ = {isa = PBXFileReference; lastKnownFileType = file.xib; path = InitialViewController.xib; sourceTree = "<group>"; };
		0240BF4124407E1F0097D60E /* QuestionView.swift */ = {isa = PBXFileReference; lastKnownFileType = sourcecode.swift; path = QuestionView.swift; sourceTree = "<group>"; };
		0240BF4324407FD80097D60E /* Category.swift */ = {isa = PBXFileReference; lastKnownFileType = sourcecode.swift; path = Category.swift; sourceTree = "<group>"; };
		0240BF4D244084520097D60E /* QuizzesService.swift */ = {isa = PBXFileReference; lastKnownFileType = sourcecode.swift; path = QuizzesService.swift; sourceTree = "<group>"; };
		0240BF4F244084610097D60E /* QuizModel.swift */ = {isa = PBXFileReference; lastKnownFileType = sourcecode.swift; path = QuizModel.swift; sourceTree = "<group>"; };
		0240BF51244085C70097D60E /* QuestionModel.swift */ = {isa = PBXFileReference; lastKnownFileType = sourcecode.swift; path = QuestionModel.swift; sourceTree = "<group>"; };
		02424133249B64A4008EAD4F /* TableViewTemplateViewController.swift */ = {isa = PBXFileReference; lastKnownFileType = sourcecode.swift; path = TableViewTemplateViewController.swift; sourceTree = "<group>"; };
		02424136249BC3A0008EAD4F /* Model.xcdatamodel */ = {isa = PBXFileReference; lastKnownFileType = wrapper.xcdatamodel; path = Model.xcdatamodel; sourceTree = "<group>"; };
		02424141249BCBA6008EAD4F /* DataController.swift */ = {isa = PBXFileReference; lastKnownFileType = sourcecode.swift; path = DataController.swift; sourceTree = "<group>"; };
		026A5C38248171F0007D37CE /* QuizTableViewController.swift */ = {isa = PBXFileReference; lastKnownFileType = sourcecode.swift; path = QuizTableViewController.swift; sourceTree = "<group>"; };
		026A5C39248171F0007D37CE /* QuizTableViewController.xib */ = {isa = PBXFileReference; lastKnownFileType = file.xib; path = QuizTableViewController.xib; sourceTree = "<group>"; };
		026D377D2485510400C96DF6 /* QuizzesTableViewCell.swift */ = {isa = PBXFileReference; lastKnownFileType = sourcecode.swift; path = QuizzesTableViewCell.swift; sourceTree = "<group>"; };
		026D377E2485510400C96DF6 /* QuizzesTableViewCell.xib */ = {isa = PBXFileReference; lastKnownFileType = file.xib; path = QuizzesTableViewCell.xib; sourceTree = "<group>"; };
		026D3781248566FC00C96DF6 /* QuizzFooterView.swift */ = {isa = PBXFileReference; lastKnownFileType = sourcecode.swift; path = QuizzFooterView.swift; sourceTree = "<group>"; };
		026D37832485674700C96DF6 /* QuizzHeaderView.swift */ = {isa = PBXFileReference; lastKnownFileType = sourcecode.swift; name = QuizzHeaderView.swift; path = QuizzApp/Views/QuizzHeaderView.swift; sourceTree = SOURCE_ROOT; };
		0274E675248631A6004CBD85 /* QuizzesViewModel.swift */ = {isa = PBXFileReference; lastKnownFileType = sourcecode.swift; path = QuizzesViewModel.swift; sourceTree = "<group>"; };
		0274E677248631BB004CBD85 /* SingleQuizViewModel.swift */ = {isa = PBXFileReference; lastKnownFileType = sourcecode.swift; path = SingleQuizViewModel.swift; sourceTree = "<group>"; };
		0274E67924864C5A004CBD85 /* QuizCellModel.swift */ = {isa = PBXFileReference; lastKnownFileType = sourcecode.swift; path = QuizCellModel.swift; sourceTree = "<group>"; };
		0274E67B24865525004CBD85 /* QuizViewController.swift */ = {isa = PBXFileReference; lastKnownFileType = sourcecode.swift; path = QuizViewController.swift; sourceTree = "<group>"; };
		0274E67C24865525004CBD85 /* QuizViewController.xib */ = {isa = PBXFileReference; lastKnownFileType = file.xib; path = QuizViewController.xib; sourceTree = "<group>"; };
		02C023D92491785A00F3DC7E /* UserCredentials.swift */ = {isa = PBXFileReference; lastKnownFileType = sourcecode.swift; path = UserCredentials.swift; sourceTree = "<group>"; };
		02D071B32467FA8A000077D8 /* LoginModel.swift */ = {isa = PBXFileReference; lastKnownFileType = sourcecode.swift; path = LoginModel.swift; sourceTree = "<group>"; };
		05A1C72855F321E711FF2488 /* Pods-QuizzApp.release.xcconfig */ = {isa = PBXFileReference; includeInIndex = 1; lastKnownFileType = text.xcconfig; name = "Pods-QuizzApp.release.xcconfig"; path = "Target Support Files/Pods-QuizzApp/Pods-QuizzApp.release.xcconfig"; sourceTree = "<group>"; };
		2943017A516191DC1BFE94DF /* Pods-QuizzApp.debug.xcconfig */ = {isa = PBXFileReference; includeInIndex = 1; lastKnownFileType = text.xcconfig; name = "Pods-QuizzApp.debug.xcconfig"; path = "Target Support Files/Pods-QuizzApp/Pods-QuizzApp.debug.xcconfig"; sourceTree = "<group>"; };
		B9E9BAD41775B02E2C30004C /* Pods_QuizzApp.framework */ = {isa = PBXFileReference; explicitFileType = wrapper.framework; includeInIndex = 0; path = Pods_QuizzApp.framework; sourceTree = BUILT_PRODUCTS_DIR; };
/* End PBXFileReference section */

/* Begin PBXFrameworksBuildPhase section */
		021F6A57243F76C1003DEFF7 /* Frameworks */ = {
			isa = PBXFrameworksBuildPhase;
			buildActionMask = 2147483647;
			files = (
				FCCE9FAA62190C794791F645 /* Pods_QuizzApp.framework in Frameworks */,
			);
			runOnlyForDeploymentPostprocessing = 0;
		};
/* End PBXFrameworksBuildPhase section */

/* Begin PBXGroup section */
		021F6A51243F76C1003DEFF7 = {
			isa = PBXGroup;
			children = (
				021F6A5C243F76C2003DEFF7 /* QuizzApp */,
				021F6A5B243F76C2003DEFF7 /* Products */,
				1201F8C4CC055FB4BB8E0580 /* Pods */,
				19008B46DEA02FEF690EFC5A /* Frameworks */,
			);
			sourceTree = "<group>";
		};
		021F6A5B243F76C2003DEFF7 /* Products */ = {
			isa = PBXGroup;
			children = (
				021F6A5A243F76C2003DEFF7 /* QuizzApp.app */,
			);
			name = Products;
			sourceTree = "<group>";
		};
		021F6A5C243F76C2003DEFF7 /* QuizzApp */ = {
			isa = PBXGroup;
			children = (
				021F6A71243F7C13003DEFF7 /* Resources */,
				02424138249BC7A7008EAD4F /* CoreData */,
				0240BF3E244071D00097D60E /* Services */,
				0240BF3F244071DF0097D60E /* Models */,
				0274E6742486305E004CBD85 /* ViewModels */,
				0240BF40244071F60097D60E /* Views */,
				021F6A75243F8788003DEFF7 /* ViewControllers */,
				02C023D92491785A00F3DC7E /* UserCredentials.swift */,
			);
			path = QuizzApp;
			sourceTree = "<group>";
		};
		021F6A71243F7C13003DEFF7 /* Resources */ = {
			isa = PBXGroup;
			children = (
				021F6A5D243F76C2003DEFF7 /* AppDelegate.swift */,
				021F6A66243F76C3003DEFF7 /* Assets.xcassets */,
				021F6A68243F76C3003DEFF7 /* LaunchScreen.storyboard */,
				021F6A6B243F76C3003DEFF7 /* Info.plist */,
				021F6A76243F979C003DEFF7 /* Utilities.swift */,
				021F6A78243F97AD003DEFF7 /* Constants.swift */,
			);
			path = Resources;
			sourceTree = "<group>";
		};
		021F6A75243F8788003DEFF7 /* ViewControllers */ = {
			isa = PBXGroup;
			children = (
				02424133249B64A4008EAD4F /* TableViewTemplateViewController.swift */,
				0240BF3A244070FC0097D60E /* InitialViewController.swift */,
				0240BF3B244070FC0097D60E /* InitialViewController.xib */,
				0231157A24670B6A00421E7E /* LoginViewController.swift */,
				0231157824670B4700421E7E /* LoginViewController.xib */,
				026A5C38248171F0007D37CE /* QuizTableViewController.swift */,
				026A5C39248171F0007D37CE /* QuizTableViewController.xib */,
				0274E67B24865525004CBD85 /* QuizViewController.swift */,
				0274E67C24865525004CBD85 /* QuizViewController.xib */,
				022517DB2499FA5A00E38833 /* TabBarViewController.swift */,
				022517F3249A21D100E38833 /* LeaderboardViewController.swift */,
				022517F4249A21D100E38833 /* LeaderboardViewController.xib */,
				022517DD249A045A00E38833 /* SearchViewController.swift */,
				022517DE249A045A00E38833 /* SearchViewController.xib */,
				022517E1249A046D00E38833 /* SettingsViewController.swift */,
				022517E2249A046D00E38833 /* SettingsViewController.xib */,
			);
			path = ViewControllers;
			sourceTree = "<group>";
		};
		0240BF3E244071D00097D60E /* Services */ = {
			isa = PBXGroup;
			children = (
				0240BF4D244084520097D60E /* QuizzesService.swift */,
				0231157624670AFC00421E7E /* LoginService.swift */,
			);
			path = Services;
			sourceTree = "<group>";
		};
		0240BF3F244071DF0097D60E /* Models */ = {
			isa = PBXGroup;
			children = (
				0240BF4F244084610097D60E /* QuizModel.swift */,
				0240BF51244085C70097D60E /* QuestionModel.swift */,
				0240BF4324407FD80097D60E /* Category.swift */,
				02D071B32467FA8A000077D8 /* LoginModel.swift */,
				022517F1249A159200E38833 /* ScoreModel.swift */,
			);
			path = Models;
			sourceTree = "<group>";
		};
		0240BF40244071F60097D60E /* Views */ = {
			isa = PBXGroup;
			children = (
				0240BF4124407E1F0097D60E /* QuestionView.swift */,
				023115742467045700421E7E /* QuestionView.xib */,
				026D377D2485510400C96DF6 /* QuizzesTableViewCell.swift */,
				026D377E2485510400C96DF6 /* QuizzesTableViewCell.xib */,
				026D3781248566FC00C96DF6 /* QuizzFooterView.swift */,
				026D37832485674700C96DF6 /* QuizzHeaderView.swift */,
				022517F7249A85D000E38833 /* ScoreTableViewCell.swift */,
				022517F8249A85D000E38833 /* ScoreTableViewCell.xib */,
			);
			path = Views;
			sourceTree = "<group>";
		};
		02424138249BC7A7008EAD4F /* CoreData */ = {
			isa = PBXGroup;
			children = (
				02424141249BCBA6008EAD4F /* DataController.swift */,
				02424135249BC3A0008EAD4F /* Model.xcdatamodeld */,
			);
			path = CoreData;
			sourceTree = "<group>";
		};
		0274E6742486305E004CBD85 /* ViewModels */ = {
			isa = PBXGroup;
			children = (
				0274E67924864C5A004CBD85 /* QuizCellModel.swift */,
				022517FB249A868700E38833 /* ScoreCellModel.swift */,
				0274E675248631A6004CBD85 /* QuizzesViewModel.swift */,
				0274E677248631BB004CBD85 /* SingleQuizViewModel.swift */,
				022517EF249A155000E38833 /* LeaderboardViewModel.swift */,
			);
			path = ViewModels;
			sourceTree = "<group>";
		};
		1201F8C4CC055FB4BB8E0580 /* Pods */ = {
			isa = PBXGroup;
			children = (
				2943017A516191DC1BFE94DF /* Pods-QuizzApp.debug.xcconfig */,
				05A1C72855F321E711FF2488 /* Pods-QuizzApp.release.xcconfig */,
			);
			path = Pods;
			sourceTree = "<group>";
		};
		19008B46DEA02FEF690EFC5A /* Frameworks */ = {
			isa = PBXGroup;
			children = (
				B9E9BAD41775B02E2C30004C /* Pods_QuizzApp.framework */,
			);
			name = Frameworks;
			sourceTree = "<group>";
		};
/* End PBXGroup section */

/* Begin PBXNativeTarget section */
		021F6A59243F76C1003DEFF7 /* QuizzApp */ = {
			isa = PBXNativeTarget;
			buildConfigurationList = 021F6A6E243F76C3003DEFF7 /* Build configuration list for PBXNativeTarget "QuizzApp" */;
			buildPhases = (
				A142B2EECEABBF52751A5D85 /* [CP] Check Pods Manifest.lock */,
				021F6A56243F76C1003DEFF7 /* Sources */,
				021F6A57243F76C1003DEFF7 /* Frameworks */,
				021F6A58243F76C1003DEFF7 /* Resources */,
				4512709170970D19B5C24B53 /* [CP] Embed Pods Frameworks */,
			);
			buildRules = (
			);
			dependencies = (
			);
			name = QuizzApp;
			productName = QuizzApp;
			productReference = 021F6A5A243F76C2003DEFF7 /* QuizzApp.app */;
			productType = "com.apple.product-type.application";
		};
/* End PBXNativeTarget section */

/* Begin PBXProject section */
		021F6A52243F76C1003DEFF7 /* Project object */ = {
			isa = PBXProject;
			attributes = {
				LastSwiftUpdateCheck = 1140;
				LastUpgradeCheck = 1140;
				ORGANIZATIONNAME = hr.fer.majstorovic.borna;
				TargetAttributes = {
					021F6A59243F76C1003DEFF7 = {
						CreatedOnToolsVersion = 11.4;
					};
				};
			};
			buildConfigurationList = 021F6A55243F76C1003DEFF7 /* Build configuration list for PBXProject "QuizzApp" */;
			compatibilityVersion = "Xcode 9.3";
			developmentRegion = en;
			hasScannedForEncodings = 0;
			knownRegions = (
				en,
				Base,
			);
			mainGroup = 021F6A51243F76C1003DEFF7;
			productRefGroup = 021F6A5B243F76C2003DEFF7 /* Products */;
			projectDirPath = "";
			projectRoot = "";
			targets = (
				021F6A59243F76C1003DEFF7 /* QuizzApp */,
			);
		};
/* End PBXProject section */

/* Begin PBXResourcesBuildPhase section */
		021F6A58243F76C1003DEFF7 /* Resources */ = {
			isa = PBXResourcesBuildPhase;
			buildActionMask = 2147483647;
			files = (
				0231157924670B4700421E7E /* LoginViewController.xib in Resources */,
				023115752467045700421E7E /* QuestionView.xib in Resources */,
				022517F6249A21D100E38833 /* LeaderboardViewController.xib in Resources */,
				021F6A6A243F76C3003DEFF7 /* LaunchScreen.storyboard in Resources */,
				026D37802485510400C96DF6 /* QuizzesTableViewCell.xib in Resources */,
				026A5C3B248171F0007D37CE /* QuizTableViewController.xib in Resources */,
				022517FA249A85D000E38833 /* ScoreTableViewCell.xib in Resources */,
				022517E0249A045A00E38833 /* SearchViewController.xib in Resources */,
				021F6A67243F76C3003DEFF7 /* Assets.xcassets in Resources */,
				0240BF3D244070FC0097D60E /* InitialViewController.xib in Resources */,
				0274E67E24865525004CBD85 /* QuizViewController.xib in Resources */,
				022517E4249A046D00E38833 /* SettingsViewController.xib in Resources */,
			);
			runOnlyForDeploymentPostprocessing = 0;
		};
/* End PBXResourcesBuildPhase section */

/* Begin PBXShellScriptBuildPhase section */
		4512709170970D19B5C24B53 /* [CP] Embed Pods Frameworks */ = {
			isa = PBXShellScriptBuildPhase;
			buildActionMask = 2147483647;
			files = (
			);
			inputFileListPaths = (
				"${PODS_ROOT}/Target Support Files/Pods-QuizzApp/Pods-QuizzApp-frameworks-${CONFIGURATION}-input-files.xcfilelist",
			);
			name = "[CP] Embed Pods Frameworks";
			outputFileListPaths = (
				"${PODS_ROOT}/Target Support Files/Pods-QuizzApp/Pods-QuizzApp-frameworks-${CONFIGURATION}-output-files.xcfilelist",
			);
			runOnlyForDeploymentPostprocessing = 0;
			shellPath = /bin/sh;
			shellScript = "\"${PODS_ROOT}/Target Support Files/Pods-QuizzApp/Pods-QuizzApp-frameworks.sh\"\n";
			showEnvVarsInLog = 0;
		};
		A142B2EECEABBF52751A5D85 /* [CP] Check Pods Manifest.lock */ = {
			isa = PBXShellScriptBuildPhase;
			buildActionMask = 2147483647;
			files = (
			);
			inputFileListPaths = (
			);
			inputPaths = (
				"${PODS_PODFILE_DIR_PATH}/Podfile.lock",
				"${PODS_ROOT}/Manifest.lock",
			);
			name = "[CP] Check Pods Manifest.lock";
			outputFileListPaths = (
			);
			outputPaths = (
				"$(DERIVED_FILE_DIR)/Pods-QuizzApp-checkManifestLockResult.txt",
			);
			runOnlyForDeploymentPostprocessing = 0;
			shellPath = /bin/sh;
			shellScript = "diff \"${PODS_PODFILE_DIR_PATH}/Podfile.lock\" \"${PODS_ROOT}/Manifest.lock\" > /dev/null\nif [ $? != 0 ] ; then\n    # print error to STDERR\n    echo \"error: The sandbox is not in sync with the Podfile.lock. Run 'pod install' or update your CocoaPods installation.\" >&2\n    exit 1\nfi\n# This output is used by Xcode 'outputs' to avoid re-running this script phase.\necho \"SUCCESS\" > \"${SCRIPT_OUTPUT_FILE_0}\"\n";
			showEnvVarsInLog = 0;
		};
/* End PBXShellScriptBuildPhase section */

/* Begin PBXSourcesBuildPhase section */
		021F6A56243F76C1003DEFF7 /* Sources */ = {
			isa = PBXSourcesBuildPhase;
			buildActionMask = 2147483647;
			files = (
				0240BF4224407E1F0097D60E /* QuestionView.swift in Sources */,
				02D071B42467FA8A000077D8 /* LoginModel.swift in Sources */,
				022517FC249A868700E38833 /* ScoreCellModel.swift in Sources */,
				022517F9249A85D000E38833 /* ScoreTableViewCell.swift in Sources */,
				022517F0249A155000E38833 /* LeaderboardViewModel.swift in Sources */,
				022517DC2499FA5A00E38833 /* TabBarViewController.swift in Sources */,
				022517F5249A21D100E38833 /* LeaderboardViewController.swift in Sources */,
				026D377F2485510400C96DF6 /* QuizzesTableViewCell.swift in Sources */,
				0240BF50244084610097D60E /* QuizModel.swift in Sources */,
				0240BF3C244070FC0097D60E /* InitialViewController.swift in Sources */,
				02C023DA2491785A00F3DC7E /* UserCredentials.swift in Sources */,
				0240BF4E244084520097D60E /* QuizzesService.swift in Sources */,
				021F6A79243F97AD003DEFF7 /* Constants.swift in Sources */,
				02424142249BCBA6008EAD4F /* DataController.swift in Sources */,
				0274E67A24864C5A004CBD85 /* QuizCellModel.swift in Sources */,
				026D37842485674700C96DF6 /* QuizzHeaderView.swift in Sources */,
				021F6A5E243F76C2003DEFF7 /* AppDelegate.swift in Sources */,
				0274E678248631BB004CBD85 /* SingleQuizViewModel.swift in Sources */,
				022517F2249A159200E38833 /* ScoreModel.swift in Sources */,
				022517DF249A045A00E38833 /* SearchViewController.swift in Sources */,
				0274E67D24865525004CBD85 /* QuizViewController.swift in Sources */,
				02424137249BC3A0008EAD4F /* Model.xcdatamodeld in Sources */,
				02424134249B64A4008EAD4F /* TableViewTemplateViewController.swift in Sources */,
				0274E676248631A6004CBD85 /* QuizzesViewModel.swift in Sources */,
				0240BF52244085C70097D60E /* QuestionModel.swift in Sources */,
				0231157724670AFD00421E7E /* LoginService.swift in Sources */,
				026D3782248566FC00C96DF6 /* QuizzFooterView.swift in Sources */,
				0240BF4424407FD80097D60E /* Category.swift in Sources */,
				026A5C3A248171F0007D37CE /* QuizTableViewController.swift in Sources */,
				021F6A77243F979C003DEFF7 /* Utilities.swift in Sources */,
				0231157B24670B6A00421E7E /* LoginViewController.swift in Sources */,
				022517E3249A046D00E38833 /* SettingsViewController.swift in Sources */,
			);
			runOnlyForDeploymentPostprocessing = 0;
		};
/* End PBXSourcesBuildPhase section */

/* Begin PBXVariantGroup section */
		021F6A68243F76C3003DEFF7 /* LaunchScreen.storyboard */ = {
			isa = PBXVariantGroup;
			children = (
				021F6A69243F76C3003DEFF7 /* Base */,
			);
			name = LaunchScreen.storyboard;
			sourceTree = "<group>";
		};
/* End PBXVariantGroup section */

/* Begin XCBuildConfiguration section */
		021F6A6C243F76C3003DEFF7 /* Debug */ = {
			isa = XCBuildConfiguration;
			buildSettings = {
				ALWAYS_SEARCH_USER_PATHS = NO;
				CLANG_ANALYZER_NONNULL = YES;
				CLANG_ANALYZER_NUMBER_OBJECT_CONVERSION = YES_AGGRESSIVE;
				CLANG_CXX_LANGUAGE_STANDARD = "gnu++14";
				CLANG_CXX_LIBRARY = "libc++";
				CLANG_ENABLE_MODULES = YES;
				CLANG_ENABLE_OBJC_ARC = YES;
				CLANG_ENABLE_OBJC_WEAK = YES;
				CLANG_WARN_BLOCK_CAPTURE_AUTORELEASING = YES;
				CLANG_WARN_BOOL_CONVERSION = YES;
				CLANG_WARN_COMMA = YES;
				CLANG_WARN_CONSTANT_CONVERSION = YES;
				CLANG_WARN_DEPRECATED_OBJC_IMPLEMENTATIONS = YES;
				CLANG_WARN_DIRECT_OBJC_ISA_USAGE = YES_ERROR;
				CLANG_WARN_DOCUMENTATION_COMMENTS = YES;
				CLANG_WARN_EMPTY_BODY = YES;
				CLANG_WARN_ENUM_CONVERSION = YES;
				CLANG_WARN_INFINITE_RECURSION = YES;
				CLANG_WARN_INT_CONVERSION = YES;
				CLANG_WARN_NON_LITERAL_NULL_CONVERSION = YES;
				CLANG_WARN_OBJC_IMPLICIT_RETAIN_SELF = YES;
				CLANG_WARN_OBJC_LITERAL_CONVERSION = YES;
				CLANG_WARN_OBJC_ROOT_CLASS = YES_ERROR;
				CLANG_WARN_RANGE_LOOP_ANALYSIS = YES;
				CLANG_WARN_STRICT_PROTOTYPES = YES;
				CLANG_WARN_SUSPICIOUS_MOVE = YES;
				CLANG_WARN_UNGUARDED_AVAILABILITY = YES_AGGRESSIVE;
				CLANG_WARN_UNREACHABLE_CODE = YES;
				CLANG_WARN__DUPLICATE_METHOD_MATCH = YES;
				COPY_PHASE_STRIP = NO;
				DEBUG_INFORMATION_FORMAT = dwarf;
				ENABLE_STRICT_OBJC_MSGSEND = YES;
				ENABLE_TESTABILITY = YES;
				GCC_C_LANGUAGE_STANDARD = gnu11;
				GCC_DYNAMIC_NO_PIC = NO;
				GCC_NO_COMMON_BLOCKS = YES;
				GCC_OPTIMIZATION_LEVEL = 0;
				GCC_PREPROCESSOR_DEFINITIONS = (
					"DEBUG=1",
					"$(inherited)",
				);
				GCC_WARN_64_TO_32_BIT_CONVERSION = YES;
				GCC_WARN_ABOUT_RETURN_TYPE = YES_ERROR;
				GCC_WARN_UNDECLARED_SELECTOR = YES;
				GCC_WARN_UNINITIALIZED_AUTOS = YES_AGGRESSIVE;
				GCC_WARN_UNUSED_FUNCTION = YES;
				GCC_WARN_UNUSED_VARIABLE = YES;
				IPHONEOS_DEPLOYMENT_TARGET = 12.0;
				MTL_ENABLE_DEBUG_INFO = INCLUDE_SOURCE;
				MTL_FAST_MATH = YES;
				ONLY_ACTIVE_ARCH = YES;
				SDKROOT = iphoneos;
				SWIFT_ACTIVE_COMPILATION_CONDITIONS = DEBUG;
				SWIFT_OPTIMIZATION_LEVEL = "-Onone";
			};
			name = Debug;
		};
		021F6A6D243F76C3003DEFF7 /* Release */ = {
			isa = XCBuildConfiguration;
			buildSettings = {
				ALWAYS_SEARCH_USER_PATHS = NO;
				CLANG_ANALYZER_NONNULL = YES;
				CLANG_ANALYZER_NUMBER_OBJECT_CONVERSION = YES_AGGRESSIVE;
				CLANG_CXX_LANGUAGE_STANDARD = "gnu++14";
				CLANG_CXX_LIBRARY = "libc++";
				CLANG_ENABLE_MODULES = YES;
				CLANG_ENABLE_OBJC_ARC = YES;
				CLANG_ENABLE_OBJC_WEAK = YES;
				CLANG_WARN_BLOCK_CAPTURE_AUTORELEASING = YES;
				CLANG_WARN_BOOL_CONVERSION = YES;
				CLANG_WARN_COMMA = YES;
				CLANG_WARN_CONSTANT_CONVERSION = YES;
				CLANG_WARN_DEPRECATED_OBJC_IMPLEMENTATIONS = YES;
				CLANG_WARN_DIRECT_OBJC_ISA_USAGE = YES_ERROR;
				CLANG_WARN_DOCUMENTATION_COMMENTS = YES;
				CLANG_WARN_EMPTY_BODY = YES;
				CLANG_WARN_ENUM_CONVERSION = YES;
				CLANG_WARN_INFINITE_RECURSION = YES;
				CLANG_WARN_INT_CONVERSION = YES;
				CLANG_WARN_NON_LITERAL_NULL_CONVERSION = YES;
				CLANG_WARN_OBJC_IMPLICIT_RETAIN_SELF = YES;
				CLANG_WARN_OBJC_LITERAL_CONVERSION = YES;
				CLANG_WARN_OBJC_ROOT_CLASS = YES_ERROR;
				CLANG_WARN_RANGE_LOOP_ANALYSIS = YES;
				CLANG_WARN_STRICT_PROTOTYPES = YES;
				CLANG_WARN_SUSPICIOUS_MOVE = YES;
				CLANG_WARN_UNGUARDED_AVAILABILITY = YES_AGGRESSIVE;
				CLANG_WARN_UNREACHABLE_CODE = YES;
				CLANG_WARN__DUPLICATE_METHOD_MATCH = YES;
				COPY_PHASE_STRIP = NO;
				DEBUG_INFORMATION_FORMAT = "dwarf-with-dsym";
				ENABLE_NS_ASSERTIONS = NO;
				ENABLE_STRICT_OBJC_MSGSEND = YES;
				GCC_C_LANGUAGE_STANDARD = gnu11;
				GCC_NO_COMMON_BLOCKS = YES;
				GCC_WARN_64_TO_32_BIT_CONVERSION = YES;
				GCC_WARN_ABOUT_RETURN_TYPE = YES_ERROR;
				GCC_WARN_UNDECLARED_SELECTOR = YES;
				GCC_WARN_UNINITIALIZED_AUTOS = YES_AGGRESSIVE;
				GCC_WARN_UNUSED_FUNCTION = YES;
				GCC_WARN_UNUSED_VARIABLE = YES;
				IPHONEOS_DEPLOYMENT_TARGET = 12.0;
				MTL_ENABLE_DEBUG_INFO = NO;
				MTL_FAST_MATH = YES;
				SDKROOT = iphoneos;
				SWIFT_COMPILATION_MODE = wholemodule;
				SWIFT_OPTIMIZATION_LEVEL = "-O";
				VALIDATE_PRODUCT = YES;
			};
			name = Release;
		};
		021F6A6F243F76C3003DEFF7 /* Debug */ = {
			isa = XCBuildConfiguration;
			baseConfigurationReference = 2943017A516191DC1BFE94DF /* Pods-QuizzApp.debug.xcconfig */;
			buildSettings = {
				ASSETCATALOG_COMPILER_APPICON_NAME = AppIcon;
				CODE_SIGN_STYLE = Automatic;
				DEVELOPMENT_TEAM = SY694AWQB9;
				INFOPLIST_FILE = QuizzApp/Resources/Info.plist;
				LD_RUNPATH_SEARCH_PATHS = (
					"$(inherited)",
					"@executable_path/Frameworks",
				);
				PRODUCT_BUNDLE_IDENTIFIER = hr.fer.majstorovic.borna.QuizzApp;
				PRODUCT_NAME = "$(TARGET_NAME)";
				SWIFT_VERSION = 5.0;
				TARGETED_DEVICE_FAMILY = "1,2";
			};
			name = Debug;
		};
		021F6A70243F76C3003DEFF7 /* Release */ = {
			isa = XCBuildConfiguration;
			baseConfigurationReference = 05A1C72855F321E711FF2488 /* Pods-QuizzApp.release.xcconfig */;
			buildSettings = {
				ASSETCATALOG_COMPILER_APPICON_NAME = AppIcon;
				CODE_SIGN_STYLE = Automatic;
				DEVELOPMENT_TEAM = SY694AWQB9;
				INFOPLIST_FILE = QuizzApp/Resources/Info.plist;
				LD_RUNPATH_SEARCH_PATHS = (
					"$(inherited)",
					"@executable_path/Frameworks",
				);
				PRODUCT_BUNDLE_IDENTIFIER = hr.fer.majstorovic.borna.QuizzApp;
				PRODUCT_NAME = "$(TARGET_NAME)";
				SWIFT_VERSION = 5.0;
				TARGETED_DEVICE_FAMILY = "1,2";
			};
			name = Release;
		};
/* End XCBuildConfiguration section */

/* Begin XCConfigurationList section */
		021F6A55243F76C1003DEFF7 /* Build configuration list for PBXProject "QuizzApp" */ = {
			isa = XCConfigurationList;
			buildConfigurations = (
				021F6A6C243F76C3003DEFF7 /* Debug */,
				021F6A6D243F76C3003DEFF7 /* Release */,
			);
			defaultConfigurationIsVisible = 0;
			defaultConfigurationName = Release;
		};
		021F6A6E243F76C3003DEFF7 /* Build configuration list for PBXNativeTarget "QuizzApp" */ = {
			isa = XCConfigurationList;
			buildConfigurations = (
				021F6A6F243F76C3003DEFF7 /* Debug */,
				021F6A70243F76C3003DEFF7 /* Release */,
			);
			defaultConfigurationIsVisible = 0;
			defaultConfigurationName = Release;
		};
/* End XCConfigurationList section */

/* Begin XCVersionGroup section */
		02424135249BC3A0008EAD4F /* Model.xcdatamodeld */ = {
			isa = XCVersionGroup;
			children = (
				02424136249BC3A0008EAD4F /* Model.xcdatamodel */,
			);
			currentVersion = 02424136249BC3A0008EAD4F /* Model.xcdatamodel */;
			path = Model.xcdatamodeld;
			sourceTree = "<group>";
			versionGroupType = wrapper.xcdatamodel;
		};
/* End XCVersionGroup section */
	};
	rootObject = 021F6A52243F76C1003DEFF7 /* Project object */;
}
